
Microsoft Visual Studio Solution File, Format Version 12.00
# Visual Studio Version 17
VisualStudioVersion = 17.2.32519.379
MinimumVisualStudioVersion = 10.0.40219.1
Project("{FAE04EC0-301F-11D3-BF4B-00C04F79EFBC}") = "WindowsService1", "WindowsService1\WindowsService1.csproj", "{2DB24356-F398-4C48-AE1E-A5F8011EEBD5}"
EndProject
Global
	GlobalSection(SolutionConfigurationPlatforms) = preSolution
		Debug|Any CPU = Debug|Any CPU
		Release|Any CPU = Release|Any CPU
	EndGlobalSection
	GlobalSection(ProjectConfigurationPlatforms) = postSolution
		{2DB24356-F398-4C48-AE1E-A5F8011EEBD5}.Debug|Any CPU.ActiveCfg = Debug|Any CPU
		{2DB24356-F398-4C48-AE1E-A5F8011EEBD5}.Debug|Any CPU.Build.0 = Debug|Any CPU
		{2DB24356-F398-4C48-AE1E-A5F8011EEBD5}.Release|Any CPU.ActiveCfg = Release|Any CPU
		{2DB24356-F398-4C48-AE1E-A5F8011EEBD5}.Release|Any CPU.Build.0 = Release|Any CPU
	EndGlobalSection
	GlobalSection(SolutionProperties) = preSolution
		HideSolutionNode = FALSE
	EndGlobalSection
	GlobalSection(ExtensibilityGlobals) = postSolution
		SolutionGuid = {7C7C98F2-4C02-47BC-9AB2-2B93D2A1D37B}
	EndGlobalSection
EndGlobal
